// !$*UTF8*$!
{
	archiveVersion = 1;
	classes = {
	};
	objectVersion = 56;
	objects = {

/* Begin PBXBuildFile section */
		6A9798072B3AAF0B00ECF0CD /* AppDelegate.swift in Sources */ = {isa = PBXBuildFile; fileRef = 6A9798062B3AAF0B00ECF0CD /* AppDelegate.swift */; };
		6A9798092B3AAF0B00ECF0CD /* SceneDelegate.swift in Sources */ = {isa = PBXBuildFile; fileRef = 6A9798082B3AAF0B00ECF0CD /* SceneDelegate.swift */; };
		6A97980B2B3AAF0B00ECF0CD /* MovieDetailVC.swift in Sources */ = {isa = PBXBuildFile; fileRef = 6A97980A2B3AAF0B00ECF0CD /* MovieDetailVC.swift */; };
		6A97980E2B3AAF0B00ECF0CD /* Main.storyboard in Resources */ = {isa = PBXBuildFile; fileRef = 6A97980C2B3AAF0B00ECF0CD /* Main.storyboard */; };
		6A9798112B3AAF0B00ECF0CD /* BookTickets.xcdatamodeld in Sources */ = {isa = PBXBuildFile; fileRef = 6A97980F2B3AAF0B00ECF0CD /* BookTickets.xcdatamodeld */; };
		6A9798132B3AAF0D00ECF0CD /* Assets.xcassets in Resources */ = {isa = PBXBuildFile; fileRef = 6A9798122B3AAF0D00ECF0CD /* Assets.xcassets */; };
		6A9798162B3AAF0D00ECF0CD /* LaunchScreen.storyboard in Resources */ = {isa = PBXBuildFile; fileRef = 6A9798142B3AAF0D00ECF0CD /* LaunchScreen.storyboard */; };
		6A9798212B3AAF0D00ECF0CD /* BookTicketsTests.swift in Sources */ = {isa = PBXBuildFile; fileRef = 6A9798202B3AAF0D00ECF0CD /* BookTicketsTests.swift */; };
		6A97982B2B3AAF0D00ECF0CD /* BookTicketsUITests.swift in Sources */ = {isa = PBXBuildFile; fileRef = 6A97982A2B3AAF0D00ECF0CD /* BookTicketsUITests.swift */; };
		6A97982D2B3AAF0D00ECF0CD /* BookTicketsUITestsLaunchTests.swift in Sources */ = {isa = PBXBuildFile; fileRef = 6A97982C2B3AAF0D00ECF0CD /* BookTicketsUITestsLaunchTests.swift */; };
		6A97983A2B3AB7B800ECF0CD /* MovieCell.swift in Sources */ = {isa = PBXBuildFile; fileRef = 6A9798392B3AB7B800ECF0CD /* MovieCell.swift */; };
		6A97983C2B3AB7F200ECF0CD /* MovieTableView.swift in Sources */ = {isa = PBXBuildFile; fileRef = 6A97983B2B3AB7F200ECF0CD /* MovieTableView.swift */; };
		6A97983E2B3ABFE200ECF0CD /* Movie.swift in Sources */ = {isa = PBXBuildFile; fileRef = 6A97983D2B3ABFE200ECF0CD /* Movie.swift */; };
/* End PBXBuildFile section */

/* Begin PBXContainerItemProxy section */
		6A97981D2B3AAF0D00ECF0CD /* PBXContainerItemProxy */ = {
			isa = PBXContainerItemProxy;
			containerPortal = 6A9797FB2B3AAF0B00ECF0CD /* Project object */;
			proxyType = 1;
			remoteGlobalIDString = 6A9798022B3AAF0B00ECF0CD;
			remoteInfo = BookTickets;
		};
		6A9798272B3AAF0D00ECF0CD /* PBXContainerItemProxy */ = {
			isa = PBXContainerItemProxy;
			containerPortal = 6A9797FB2B3AAF0B00ECF0CD /* Project object */;
			proxyType = 1;
			remoteGlobalIDString = 6A9798022B3AAF0B00ECF0CD;
			remoteInfo = BookTickets;
		};
/* End PBXContainerItemProxy section */

/* Begin PBXFileReference section */
		6A9798032B3AAF0B00ECF0CD /* BookTickets.app */ = {isa = PBXFileReference; explicitFileType = wrapper.application; includeInIndex = 0; path = BookTickets.app; sourceTree = BUILT_PRODUCTS_DIR; };
		6A9798062B3AAF0B00ECF0CD /* AppDelegate.swift */ = {isa = PBXFileReference; lastKnownFileType = sourcecode.swift; path = AppDelegate.swift; sourceTree = "<group>"; };
		6A9798082B3AAF0B00ECF0CD /* SceneDelegate.swift */ = {isa = PBXFileReference; lastKnownFileType = sourcecode.swift; path = SceneDelegate.swift; sourceTree = "<group>"; };
		6A97980A2B3AAF0B00ECF0CD /* MovieDetailVC.swift */ = {isa = PBXFileReference; lastKnownFileType = sourcecode.swift; path = MovieDetailVC.swift; sourceTree = "<group>"; };
		6A97980D2B3AAF0B00ECF0CD /* Base */ = {isa = PBXFileReference; lastKnownFileType = file.storyboard; name = Base; path = Base.lproj/Main.storyboard; sourceTree = "<group>"; };
		6A9798102B3AAF0B00ECF0CD /* BookTickets.xcdatamodel */ = {isa = PBXFileReference; lastKnownFileType = wrapper.xcdatamodel; path = BookTickets.xcdatamodel; sourceTree = "<group>"; };
		6A9798122B3AAF0D00ECF0CD /* Assets.xcassets */ = {isa = PBXFileReference; lastKnownFileType = folder.assetcatalog; path = Assets.xcassets; sourceTree = "<group>"; };
		6A9798152B3AAF0D00ECF0CD /* Base */ = {isa = PBXFileReference; lastKnownFileType = file.storyboard; name = Base; path = Base.lproj/LaunchScreen.storyboard; sourceTree = "<group>"; };
		6A9798172B3AAF0D00ECF0CD /* Info.plist */ = {isa = PBXFileReference; lastKnownFileType = text.plist.xml; path = Info.plist; sourceTree = "<group>"; };
		6A97981C2B3AAF0D00ECF0CD /* BookTicketsTests.xctest */ = {isa = PBXFileReference; explicitFileType = wrapper.cfbundle; includeInIndex = 0; path = BookTicketsTests.xctest; sourceTree = BUILT_PRODUCTS_DIR; };
		6A9798202B3AAF0D00ECF0CD /* BookTicketsTests.swift */ = {isa = PBXFileReference; lastKnownFileType = sourcecode.swift; path = BookTicketsTests.swift; sourceTree = "<group>"; };
		6A9798262B3AAF0D00ECF0CD /* BookTicketsUITests.xctest */ = {isa = PBXFileReference; explicitFileType = wrapper.cfbundle; includeInIndex = 0; path = BookTicketsUITests.xctest; sourceTree = BUILT_PRODUCTS_DIR; };
		6A97982A2B3AAF0D00ECF0CD /* BookTicketsUITests.swift */ = {isa = PBXFileReference; lastKnownFileType = sourcecode.swift; path = BookTicketsUITests.swift; sourceTree = "<group>"; };
		6A97982C2B3AAF0D00ECF0CD /* BookTicketsUITestsLaunchTests.swift */ = {isa = PBXFileReference; lastKnownFileType = sourcecode.swift; path = BookTicketsUITestsLaunchTests.swift; sourceTree = "<group>"; };
		6A9798392B3AB7B800ECF0CD /* MovieCell.swift */ = {isa = PBXFileReference; lastKnownFileType = sourcecode.swift; path = MovieCell.swift; sourceTree = "<group>"; };
		6A97983B2B3AB7F200ECF0CD /* MovieTableView.swift */ = {isa = PBXFileReference; lastKnownFileType = sourcecode.swift; path = MovieTableView.swift; sourceTree = "<group>"; };
		6A97983D2B3ABFE200ECF0CD /* Movie.swift */ = {isa = PBXFileReference; lastKnownFileType = sourcecode.swift; path = Movie.swift; sourceTree = "<group>"; };
/* End PBXFileReference section */

/* Begin PBXFrameworksBuildPhase section */
		6A9798002B3AAF0B00ECF0CD /* Frameworks */ = {
			isa = PBXFrameworksBuildPhase;
			buildActionMask = 2147483647;
			files = (
			);
			runOnlyForDeploymentPostprocessing = 0;
		};
		6A9798192B3AAF0D00ECF0CD /* Frameworks */ = {
			isa = PBXFrameworksBuildPhase;
			buildActionMask = 2147483647;
			files = (
			);
			runOnlyForDeploymentPostprocessing = 0;
		};
		6A9798232B3AAF0D00ECF0CD /* Frameworks */ = {
			isa = PBXFrameworksBuildPhase;
			buildActionMask = 2147483647;
			files = (
			);
			runOnlyForDeploymentPostprocessing = 0;
		};
/* End PBXFrameworksBuildPhase section */

/* Begin PBXGroup section */
		6A9797FA2B3AAF0B00ECF0CD = {
			isa = PBXGroup;
			children = (
				6A9798052B3AAF0B00ECF0CD /* BookTickets */,
				6A97981F2B3AAF0D00ECF0CD /* BookTicketsTests */,
				6A9798292B3AAF0D00ECF0CD /* BookTicketsUITests */,
				6A9798042B3AAF0B00ECF0CD /* Products */,
			);
			sourceTree = "<group>";
		};
		6A9798042B3AAF0B00ECF0CD /* Products */ = {
			isa = PBXGroup;
			children = (
				6A9798032B3AAF0B00ECF0CD /* BookTickets.app */,
				6A97981C2B3AAF0D00ECF0CD /* BookTicketsTests.xctest */,
				6A9798262B3AAF0D00ECF0CD /* BookTicketsUITests.xctest */,
			);
			name = Products;
			sourceTree = "<group>";
		};
		6A9798052B3AAF0B00ECF0CD /* BookTickets */ = {
			isa = PBXGroup;
			children = (
				6A9798062B3AAF0B00ECF0CD /* AppDelegate.swift */,
				6A9798082B3AAF0B00ECF0CD /* SceneDelegate.swift */,
				6A97980A2B3AAF0B00ECF0CD /* MovieDetailVC.swift */,
				6A97980C2B3AAF0B00ECF0CD /* Main.storyboard */,
				6A9798392B3AB7B800ECF0CD /* MovieCell.swift */,
				6A97983B2B3AB7F200ECF0CD /* MovieTableView.swift */,
				6A97983D2B3ABFE200ECF0CD /* Movie.swift */,
				6A9798122B3AAF0D00ECF0CD /* Assets.xcassets */,
				6A9798142B3AAF0D00ECF0CD /* LaunchScreen.storyboard */,
				6A9798172B3AAF0D00ECF0CD /* Info.plist */,
				6A97980F2B3AAF0B00ECF0CD /* BookTickets.xcdatamodeld */,
			);
			path = BookTickets;
			sourceTree = "<group>";
		};
		6A97981F2B3AAF0D00ECF0CD /* BookTicketsTests */ = {
			isa = PBXGroup;
			children = (
				6A9798202B3AAF0D00ECF0CD /* BookTicketsTests.swift */,
			);
			path = BookTicketsTests;
			sourceTree = "<group>";
		};
		6A9798292B3AAF0D00ECF0CD /* BookTicketsUITests */ = {
			isa = PBXGroup;
			children = (
				6A97982A2B3AAF0D00ECF0CD /* BookTicketsUITests.swift */,
				6A97982C2B3AAF0D00ECF0CD /* BookTicketsUITestsLaunchTests.swift */,
			);
			path = BookTicketsUITests;
			sourceTree = "<group>";
		};
/* End PBXGroup section */

/* Begin PBXNativeTarget section */
		6A9798022B3AAF0B00ECF0CD /* BookTickets */ = {
			isa = PBXNativeTarget;
			buildConfigurationList = 6A9798302B3AAF0D00ECF0CD /* Build configuration list for PBXNativeTarget "BookTickets" */;
			buildPhases = (
				6A9797FF2B3AAF0B00ECF0CD /* Sources */,
				6A9798002B3AAF0B00ECF0CD /* Frameworks */,
				6A9798012B3AAF0B00ECF0CD /* Resources */,
			);
			buildRules = (
			);
			dependencies = (
			);
			name = BookTickets;
			productName = BookTickets;
			productReference = 6A9798032B3AAF0B00ECF0CD /* BookTickets.app */;
			productType = "com.apple.product-type.application";
		};
		6A97981B2B3AAF0D00ECF0CD /* BookTicketsTests */ = {
			isa = PBXNativeTarget;
			buildConfigurationList = 6A9798332B3AAF0D00ECF0CD /* Build configuration list for PBXNativeTarget "BookTicketsTests" */;
			buildPhases = (
				6A9798182B3AAF0D00ECF0CD /* Sources */,
				6A9798192B3AAF0D00ECF0CD /* Frameworks */,
				6A97981A2B3AAF0D00ECF0CD /* Resources */,
			);
			buildRules = (
			);
			dependencies = (
				6A97981E2B3AAF0D00ECF0CD /* PBXTargetDependency */,
			);
			name = BookTicketsTests;
			productName = BookTicketsTests;
			productReference = 6A97981C2B3AAF0D00ECF0CD /* BookTicketsTests.xctest */;
			productType = "com.apple.product-type.bundle.unit-test";
		};
		6A9798252B3AAF0D00ECF0CD /* BookTicketsUITests */ = {
			isa = PBXNativeTarget;
			buildConfigurationList = 6A9798362B3AAF0D00ECF0CD /* Build configuration list for PBXNativeTarget "BookTicketsUITests" */;
			buildPhases = (
				6A9798222B3AAF0D00ECF0CD /* Sources */,
				6A9798232B3AAF0D00ECF0CD /* Frameworks */,
				6A9798242B3AAF0D00ECF0CD /* Resources */,
			);
			buildRules = (
			);
			dependencies = (
				6A9798282B3AAF0D00ECF0CD /* PBXTargetDependency */,
			);
			name = BookTicketsUITests;
			productName = BookTicketsUITests;
			productReference = 6A9798262B3AAF0D00ECF0CD /* BookTicketsUITests.xctest */;
			productType = "com.apple.product-type.bundle.ui-testing";
		};
/* End PBXNativeTarget section */

/* Begin PBXProject section */
		6A9797FB2B3AAF0B00ECF0CD /* Project object */ = {
			isa = PBXProject;
			attributes = {
				BuildIndependentTargetsInParallel = 1;
				LastSwiftUpdateCheck = 1500;
				LastUpgradeCheck = 1500;
				TargetAttributes = {
					6A9798022B3AAF0B00ECF0CD = {
						CreatedOnToolsVersion = 15.0.1;
					};
					6A97981B2B3AAF0D00ECF0CD = {
						CreatedOnToolsVersion = 15.0.1;
						TestTargetID = 6A9798022B3AAF0B00ECF0CD;
					};
					6A9798252B3AAF0D00ECF0CD = {
						CreatedOnToolsVersion = 15.0.1;
						TestTargetID = 6A9798022B3AAF0B00ECF0CD;
					};
				};
			};
			buildConfigurationList = 6A9797FE2B3AAF0B00ECF0CD /* Build configuration list for PBXProject "BookTickets" */;
			compatibilityVersion = "Xcode 14.0";
			developmentRegion = en;
			hasScannedForEncodings = 0;
			knownRegions = (
				en,
				Base,
			);
			mainGroup = 6A9797FA2B3AAF0B00ECF0CD;
			productRefGroup = 6A9798042B3AAF0B00ECF0CD /* Products */;
			projectDirPath = "";
			projectRoot = "";
			targets = (
				6A9798022B3AAF0B00ECF0CD /* BookTickets */,
				6A97981B2B3AAF0D00ECF0CD /* BookTicketsTests */,
				6A9798252B3AAF0D00ECF0CD /* BookTicketsUITests */,
			);
		};
/* End PBXProject section */

/* Begin PBXResourcesBuildPhase section */
		6A9798012B3AAF0B00ECF0CD /* Resources */ = {
			isa = PBXResourcesBuildPhase;
			buildActionMask = 2147483647;
			files = (
				6A9798162B3AAF0D00ECF0CD /* LaunchScreen.storyboard in Resources */,
				6A9798132B3AAF0D00ECF0CD /* Assets.xcassets in Resources */,
				6A97980E2B3AAF0B00ECF0CD /* Main.storyboard in Resources */,
			);
			runOnlyForDeploymentPostprocessing = 0;
		};
		6A97981A2B3AAF0D00ECF0CD /* Resources */ = {
			isa = PBXResourcesBuildPhase;
			buildActionMask = 2147483647;
			files = (
			);
			runOnlyForDeploymentPostprocessing = 0;
		};
		6A9798242B3AAF0D00ECF0CD /* Resources */ = {
			isa = PBXResourcesBuildPhase;
			buildActionMask = 2147483647;
			files = (
			);
			runOnlyForDeploymentPostprocessing = 0;
		};
/* End PBXResourcesBuildPhase section */

/* Begin PBXSourcesBuildPhase section */
		6A9797FF2B3AAF0B00ECF0CD /* Sources */ = {
			isa = PBXSourcesBuildPhase;
			buildActionMask = 2147483647;
			files = (
				6A97983E2B3ABFE200ECF0CD /* Movie.swift in Sources */,
				6A97980B2B3AAF0B00ECF0CD /* MovieDetailVC.swift in Sources */,
				6A9798072B3AAF0B00ECF0CD /* AppDelegate.swift in Sources */,
				6A9798112B3AAF0B00ECF0CD /* BookTickets.xcdatamodeld in Sources */,
				6A97983A2B3AB7B800ECF0CD /* MovieCell.swift in Sources */,
				6A97983C2B3AB7F200ECF0CD /* MovieTableView.swift in Sources */,
				6A9798092B3AAF0B00ECF0CD /* SceneDelegate.swift in Sources */,
			);
			runOnlyForDeploymentPostprocessing = 0;
		};
		6A9798182B3AAF0D00ECF0CD /* Sources */ = {
			isa = PBXSourcesBuildPhase;
			buildActionMask = 2147483647;
			files = (
				6A9798212B3AAF0D00ECF0CD /* BookTicketsTests.swift in Sources */,
			);
			runOnlyForDeploymentPostprocessing = 0;
		};
		6A9798222B3AAF0D00ECF0CD /* Sources */ = {
			isa = PBXSourcesBuildPhase;
			buildActionMask = 2147483647;
			files = (
				6A97982B2B3AAF0D00ECF0CD /* BookTicketsUITests.swift in Sources */,
				6A97982D2B3AAF0D00ECF0CD /* BookTicketsUITestsLaunchTests.swift in Sources */,
			);
			runOnlyForDeploymentPostprocessing = 0;
		};
/* End PBXSourcesBuildPhase section */

/* Begin PBXTargetDependency section */
		6A97981E2B3AAF0D00ECF0CD /* PBXTargetDependency */ = {
			isa = PBXTargetDependency;
			target = 6A9798022B3AAF0B00ECF0CD /* BookTickets */;
			targetProxy = 6A97981D2B3AAF0D00ECF0CD /* PBXContainerItemProxy */;
		};
		6A9798282B3AAF0D00ECF0CD /* PBXTargetDependency */ = {
			isa = PBXTargetDependency;
			target = 6A9798022B3AAF0B00ECF0CD /* BookTickets */;
			targetProxy = 6A9798272B3AAF0D00ECF0CD /* PBXContainerItemProxy */;
		};
/* End PBXTargetDependency section */

/* Begin PBXVariantGroup section */
		6A97980C2B3AAF0B00ECF0CD /* Main.storyboard */ = {
			isa = PBXVariantGroup;
			children = (
				6A97980D2B3AAF0B00ECF0CD /* Base */,
			);
			name = Main.storyboard;
			sourceTree = "<group>";
		};
		6A9798142B3AAF0D00ECF0CD /* LaunchScreen.storyboard */ = {
			isa = PBXVariantGroup;
			children = (
				6A9798152B3AAF0D00ECF0CD /* Base */,
			);
			name = LaunchScreen.storyboard;
			sourceTree = "<group>";
		};
/* End PBXVariantGroup section */

/* Begin XCBuildConfiguration section */
		6A97982E2B3AAF0D00ECF0CD /* Debug */ = {
			isa = XCBuildConfiguration;
			buildSettings = {
				ALWAYS_SEARCH_USER_PATHS = NO;
				ASSETCATALOG_COMPILER_GENERATE_SWIFT_ASSET_SYMBOL_EXTENSIONS = YES;
				CLANG_ANALYZER_NONNULL = YES;
				CLANG_ANALYZER_NUMBER_OBJECT_CONVERSION = YES_AGGRESSIVE;
				CLANG_CXX_LANGUAGE_STANDARD = "gnu++20";
				CLANG_ENABLE_MODULES = YES;
				CLANG_ENABLE_OBJC_ARC = YES;
				CLANG_ENABLE_OBJC_WEAK = YES;
				CLANG_WARN_BLOCK_CAPTURE_AUTORELEASING = YES;
				CLANG_WARN_BOOL_CONVERSION = YES;
				CLANG_WARN_COMMA = YES;
				CLANG_WARN_CONSTANT_CONVERSION = YES;
				CLANG_WARN_DEPRECATED_OBJC_IMPLEMENTATIONS = YES;
				CLANG_WARN_DIRECT_OBJC_ISA_USAGE = YES_ERROR;
				CLANG_WARN_DOCUMENTATION_COMMENTS = YES;
				CLANG_WARN_EMPTY_BODY = YES;
				CLANG_WARN_ENUM_CONVERSION = YES;
				CLANG_WARN_INFINITE_RECURSION = YES;
				CLANG_WARN_INT_CONVERSION = YES;
				CLANG_WARN_NON_LITERAL_NULL_CONVERSION = YES;
				CLANG_WARN_OBJC_IMPLICIT_RETAIN_SELF = YES;
				CLANG_WARN_OBJC_LITERAL_CONVERSION = YES;
				CLANG_WARN_OBJC_ROOT_CLASS = YES_ERROR;
				CLANG_WARN_QUOTED_INCLUDE_IN_FRAMEWORK_HEADER = YES;
				CLANG_WARN_RANGE_LOOP_ANALYSIS = YES;
				CLANG_WARN_STRICT_PROTOTYPES = YES;
				CLANG_WARN_SUSPICIOUS_MOVE = YES;
				CLANG_WARN_UNGUARDED_AVAILABILITY = YES_AGGRESSIVE;
				CLANG_WARN_UNREACHABLE_CODE = YES;
				CLANG_WARN__DUPLICATE_METHOD_MATCH = YES;
				COPY_PHASE_STRIP = NO;
				DEBUG_INFORMATION_FORMAT = dwarf;
				ENABLE_STRICT_OBJC_MSGSEND = YES;
				ENABLE_TESTABILITY = YES;
				ENABLE_USER_SCRIPT_SANDBOXING = YES;
				GCC_C_LANGUAGE_STANDARD = gnu17;
				GCC_DYNAMIC_NO_PIC = NO;
				GCC_NO_COMMON_BLOCKS = YES;
				GCC_OPTIMIZATION_LEVEL = 0;
				GCC_PREPROCESSOR_DEFINITIONS = (
					"DEBUG=1",
					"$(inherited)",
				);
				GCC_WARN_64_TO_32_BIT_CONVERSION = YES;
				GCC_WARN_ABOUT_RETURN_TYPE = YES_ERROR;
				GCC_WARN_UNDECLARED_SELECTOR = YES;
				GCC_WARN_UNINITIALIZED_AUTOS = YES_AGGRESSIVE;
				GCC_WARN_UNUSED_FUNCTION = YES;
				GCC_WARN_UNUSED_VARIABLE = YES;
				IPHONEOS_DEPLOYMENT_TARGET = 17.0;
				LOCALIZATION_PREFERS_STRING_CATALOGS = YES;
				MTL_ENABLE_DEBUG_INFO = INCLUDE_SOURCE;
				MTL_FAST_MATH = YES;
				ONLY_ACTIVE_ARCH = YES;
				SDKROOT = iphoneos;
				SWIFT_ACTIVE_COMPILATION_CONDITIONS = "DEBUG $(inherited)";
				SWIFT_OPTIMIZATION_LEVEL = "-Onone";
			};
			name = Debug;
		};
		6A97982F2B3AAF0D00ECF0CD /* Release */ = {
			isa = XCBuildConfiguration;
			buildSettings = {
				ALWAYS_SEARCH_USER_PATHS = NO;
				ASSETCATALOG_COMPILER_GENERATE_SWIFT_ASSET_SYMBOL_EXTENSIONS = YES;
				CLANG_ANALYZER_NONNULL = YES;
				CLANG_ANALYZER_NUMBER_OBJECT_CONVERSION = YES_AGGRESSIVE;
				CLANG_CXX_LANGUAGE_STANDARD = "gnu++20";
				CLANG_ENABLE_MODULES = YES;
				CLANG_ENABLE_OBJC_ARC = YES;
				CLANG_ENABLE_OBJC_WEAK = YES;
				CLANG_WARN_BLOCK_CAPTURE_AUTORELEASING = YES;
				CLANG_WARN_BOOL_CONVERSION = YES;
				CLANG_WARN_COMMA = YES;
				CLANG_WARN_CONSTANT_CONVERSION = YES;
				CLANG_WARN_DEPRECATED_OBJC_IMPLEMENTATIONS = YES;
				CLANG_WARN_DIRECT_OBJC_ISA_USAGE = YES_ERROR;
				CLANG_WARN_DOCUMENTATION_COMMENTS = YES;
				CLANG_WARN_EMPTY_BODY = YES;
				CLANG_WARN_ENUM_CONVERSION = YES;
				CLANG_WARN_INFINITE_RECURSION = YES;
				CLANG_WARN_INT_CONVERSION = YES;
				CLANG_WARN_NON_LITERAL_NULL_CONVERSION = YES;
				CLANG_WARN_OBJC_IMPLICIT_RETAIN_SELF = YES;
				CLANG_WARN_OBJC_LITERAL_CONVERSION = YES;
				CLANG_WARN_OBJC_ROOT_CLASS = YES_ERROR;
				CLANG_WARN_QUOTED_INCLUDE_IN_FRAMEWORK_HEADER = YES;
				CLANG_WARN_RANGE_LOOP_ANALYSIS = YES;
				CLANG_WARN_STRICT_PROTOTYPES = YES;
				CLANG_WARN_SUSPICIOUS_MOVE = YES;
				CLANG_WARN_UNGUARDED_AVAILABILITY = YES_AGGRESSIVE;
				CLANG_WARN_UNREACHABLE_CODE = YES;
				CLANG_WARN__DUPLICATE_METHOD_MATCH = YES;
				COPY_PHASE_STRIP = NO;
				DEBUG_INFORMATION_FORMAT = "dwarf-with-dsym";
				ENABLE_NS_ASSERTIONS = NO;
				ENABLE_STRICT_OBJC_MSGSEND = YES;
				ENABLE_USER_SCRIPT_SANDBOXING = YES;
				GCC_C_LANGUAGE_STANDARD = gnu17;
				GCC_NO_COMMON_BLOCKS = YES;
				GCC_WARN_64_TO_32_BIT_CONVERSION = YES;
				GCC_WARN_ABOUT_RETURN_TYPE = YES_ERROR;
				GCC_WARN_UNDECLARED_SELECTOR = YES;
				GCC_WARN_UNINITIALIZED_AUTOS = YES_AGGRESSIVE;
				GCC_WARN_UNUSED_FUNCTION = YES;
				GCC_WARN_UNUSED_VARIABLE = YES;
				IPHONEOS_DEPLOYMENT_TARGET = 17.0;
				LOCALIZATION_PREFERS_STRING_CATALOGS = YES;
				MTL_ENABLE_DEBUG_INFO = NO;
				MTL_FAST_MATH = YES;
				SDKROOT = iphoneos;
				SWIFT_COMPILATION_MODE = wholemodule;
				VALIDATE_PRODUCT = YES;
			};
			name = Release;
		};
		6A9798312B3AAF0D00ECF0CD /* Debug */ = {
			isa = XCBuildConfiguration;
			buildSettings = {
				ASSETCATALOG_COMPILER_APPICON_NAME = AppIcon;
				ASSETCATALOG_COMPILER_GLOBAL_ACCENT_COLOR_NAME = AccentColor;
				CODE_SIGN_STYLE = Automatic;
				CURRENT_PROJECT_VERSION = 1;
				GENERATE_INFOPLIST_FILE = YES;
				INFOPLIST_FILE = BookTickets/Info.plist;
				INFOPLIST_KEY_UIApplicationSupportsIndirectInputEvents = YES;
				INFOPLIST_KEY_UILaunchStoryboardName = LaunchScreen;
				INFOPLIST_KEY_UIMainStoryboardFile = Main;
				INFOPLIST_KEY_UISupportedInterfaceOrientations_iPad = "UIInterfaceOrientationPortrait UIInterfaceOrientationPortraitUpsideDown UIInterfaceOrientationLandscapeLeft UIInterfaceOrientationLandscapeRight";
				INFOPLIST_KEY_UISupportedInterfaceOrientations_iPhone = "UIInterfaceOrientationPortrait UIInterfaceOrientationLandscapeLeft UIInterfaceOrientationLandscapeRight";
				LD_RUNPATH_SEARCH_PATHS = (
					"$(inherited)",
					"@executable_path/Frameworks",
				);
				MARKETING_VERSION = 1.0;
				PRODUCT_BUNDLE_IDENTIFIER = ios.BookTickets;
				PRODUCT_NAME = "$(TARGET_NAME)";
				SWIFT_EMIT_LOC_STRINGS = YES;
				SWIFT_VERSION = 5.0;
				TARGETED_DEVICE_FAMILY = "1,2";
			};
			name = Debug;
		};
		6A9798322B3AAF0D00ECF0CD /* Release */ = {
			isa = XCBuildConfiguration;
			buildSettings = {
				ASSETCATALOG_COMPILER_APPICON_NAME = AppIcon;
				ASSETCATALOG_COMPILER_GLOBAL_ACCENT_COLOR_NAME = AccentColor;
				CODE_SIGN_STYLE = Automatic;
				CURRENT_PROJECT_VERSION = 1;
				GENERATE_INFOPLIST_FILE = YES;
				INFOPLIST_FILE = BookTickets/Info.plist;
				INFOPLIST_KEY_UIApplicationSupportsIndirectInputEvents = YES;
				INFOPLIST_KEY_UILaunchStoryboardName = LaunchScreen;
				INFOPLIST_KEY_UIMainStoryboardFile = Main;
				INFOPLIST_KEY_UISupportedInterfaceOrientations_iPad = "UIInterfaceOrientationPortrait UIInterfaceOrientationPortraitUpsideDown UIInterfaceOrientationLandscapeLeft UIInterfaceOrientationLandscapeRight";
				INFOPLIST_KEY_UISupportedInterfaceOrientations_iPhone = "UIInterfaceOrientationPortrait UIInterfaceOrientationLandscapeLeft UIInterfaceOrientationLandscapeRight";
				LD_RUNPATH_SEARCH_PATHS = (
					"$(inherited)",
					"@executable_path/Frameworks",
				);
				MARKETING_VERSION = 1.0;
				PRODUCT_BUNDLE_IDENTIFIER = ios.BookTickets;
				PRODUCT_NAME = "$(TARGET_NAME)";
				SWIFT_EMIT_LOC_STRINGS = YES;
				SWIFT_VERSION = 5.0;
				TARGETED_DEVICE_FAMILY = "1,2";
			};
			name = Release;
		};
		6A9798342B3AAF0D00ECF0CD /* Debug */ = {
			isa = XCBuildConfiguration;
			buildSettings = {
				ALWAYS_EMBED_SWIFT_STANDARD_LIBRARIES = YES;
				BUNDLE_LOADER = "$(TEST_HOST)";
				CODE_SIGN_STYLE = Automatic;
				CURRENT_PROJECT_VERSION = 1;
				GENERATE_INFOPLIST_FILE = YES;
				IPHONEOS_DEPLOYMENT_TARGET = 17.0;
				MARKETING_VERSION = 1.0;
				PRODUCT_BUNDLE_IDENTIFIER = ios.BookTicketsTests;
				PRODUCT_NAME = "$(TARGET_NAME)";
				SWIFT_EMIT_LOC_STRINGS = NO;
				SWIFT_VERSION = 5.0;
				TARGETED_DEVICE_FAMILY = "1,2";
				TEST_HOST = "$(BUILT_PRODUCTS_DIR)/BookTickets.app/$(BUNDLE_EXECUTABLE_FOLDER_PATH)/BookTickets";
			};
			name = Debug;
		};
		6A9798352B3AAF0D00ECF0CD /* Release */ = {
			isa = XCBuildConfiguration;
			buildSettings = {
				ALWAYS_EMBED_SWIFT_STANDARD_LIBRARIES = YES;
				BUNDLE_LOADER = "$(TEST_HOST)";
				CODE_SIGN_STYLE = Automatic;
				CURRENT_PROJECT_VERSION = 1;
				GENERATE_INFOPLIST_FILE = YES;
				IPHONEOS_DEPLOYMENT_TARGET = 17.0;
				MARKETING_VERSION = 1.0;
				PRODUCT_BUNDLE_IDENTIFIER = ios.BookTicketsTests;
				PRODUCT_NAME = "$(TARGET_NAME)";
				SWIFT_EMIT_LOC_STRINGS = NO;
				SWIFT_VERSION = 5.0;
				TARGETED_DEVICE_FAMILY = "1,2";
				TEST_HOST = "$(BUILT_PRODUCTS_DIR)/BookTickets.app/$(BUNDLE_EXECUTABLE_FOLDER_PATH)/BookTickets";
			};
			name = Release;
		};
		6A9798372B3AAF0D00ECF0CD /* Debug */ = {
			isa = XCBuildConfiguration;
			buildSettings = {
				ALWAYS_EMBED_SWIFT_STANDARD_LIBRARIES = YES;
				CODE_SIGN_STYLE = Automatic;
				CURRENT_PROJECT_VERSION = 1;
				GENERATE_INFOPLIST_FILE = YES;
				MARKETING_VERSION = 1.0;
				PRODUCT_BUNDLE_IDENTIFIER = ios.BookTicketsUITests;
				PRODUCT_NAME = "$(TARGET_NAME)";
				SWIFT_EMIT_LOC_STRINGS = NO;
				SWIFT_VERSION = 5.0;
				TARGETED_DEVICE_FAMILY = "1,2";
				TEST_TARGET_NAME = BookTickets;
			};
			name = Debug;
		};
		6A9798382B3AAF0D00ECF0CD /* Release */ = {
			isa = XCBuildConfiguration;
			buildSettings = {
				ALWAYS_EMBED_SWIFT_STANDARD_LIBRARIES = YES;
				CODE_SIGN_STYLE = Automatic;
				CURRENT_PROJECT_VERSION = 1;
				GENERATE_INFOPLIST_FILE = YES;
				MARKETING_VERSION = 1.0;
				PRODUCT_BUNDLE_IDENTIFIER = ios.BookTicketsUITests;
				PRODUCT_NAME = "$(TARGET_NAME)";
				SWIFT_EMIT_LOC_STRINGS = NO;
				SWIFT_VERSION = 5.0;
				TARGETED_DEVICE_FAMILY = "1,2";
				TEST_TARGET_NAME = BookTickets;
			};
			name = Release;
		};
/* End XCBuildConfiguration section */

/* Begin XCConfigurationList section */
		6A9797FE2B3AAF0B00ECF0CD /* Build configuration list for PBXProject "BookTickets" */ = {
			isa = XCConfigurationList;
			buildConfigurations = (
				6A97982E2B3AAF0D00ECF0CD /* Debug */,
				6A97982F2B3AAF0D00ECF0CD /* Release */,
			);
			defaultConfigurationIsVisible = 0;
			defaultConfigurationName = Release;
		};
		6A9798302B3AAF0D00ECF0CD /* Build configuration list for PBXNativeTarget "BookTickets" */ = {
			isa = XCConfigurationList;
			buildConfigurations = (
				6A9798312B3AAF0D00ECF0CD /* Debug */,
				6A9798322B3AAF0D00ECF0CD /* Release */,
			);
			defaultConfigurationIsVisible = 0;
			defaultConfigurationName = Release;
		};
		6A9798332B3AAF0D00ECF0CD /* Build configuration list for PBXNativeTarget "BookTicketsTests" */ = {
			isa = XCConfigurationList;
			buildConfigurations = (
				6A9798342B3AAF0D00ECF0CD /* Debug */,
				6A9798352B3AAF0D00ECF0CD /* Release */,
			);
			defaultConfigurationIsVisible = 0;
			defaultConfigurationName = Release;
		};
		6A9798362B3AAF0D00ECF0CD /* Build configuration list for PBXNativeTarget "BookTicketsUITests" */ = {
			isa = XCConfigurationList;
			buildConfigurations = (
				6A9798372B3AAF0D00ECF0CD /* Debug */,
				6A9798382B3AAF0D00ECF0CD /* Release */,
			);
			defaultConfigurationIsVisible = 0;
			defaultConfigurationName = Release;
		};
/* End XCConfigurationList section */

/* Begin XCVersionGroup section */
		6A97980F2B3AAF0B00ECF0CD /* BookTickets.xcdatamodeld */ = {
			isa = XCVersionGroup;
			children = (
				6A9798102B3AAF0B00ECF0CD /* BookTickets.xcdatamodel */,
			);
			currentVersion = 6A9798102B3AAF0B00ECF0CD /* BookTickets.xcdatamodel */;
			path = BookTickets.xcdatamodeld;
			sourceTree = "<group>";
			versionGroupType = wrapper.xcdatamodel;
		};
/* End XCVersionGroup section */
	};
	rootObject = 6A9797FB2B3AAF0B00ECF0CD /* Project object */;
}
